
Microsoft Visual Studio Solution File, Format Version 12.00
# 
Project("{FAE04EC0-301F-11D3-BF4B-00C04F79EFBC}") = "Api", "Api\Api.csproj", "{9C7E8DBB-5135-4511-8E1E-26C83D58B2F5}"
EndProject
Project("{FAE04EC0-301F-11D3-BF4B-00C04F79EFBC}") = "Business", "Business\Business.csproj", "{43D92F85-EDAC-46D9-A6B8-53D9893E14C6}"
EndProject
Project("{FAE04EC0-301F-11D3-BF4B-00C04F79EFBC}") = "Data", "Data\Data.csproj", "{DEC48411-7C85-4383-84C5-ED449BE4AC31}"
EndProject
Project("{FAE04EC0-301F-11D3-BF4B-00C04F79EFBC}") = "Data.Client", "Data.Client\Data.Client.csproj", "{F1ED5DA9-158E-4BD9-8D2A-A39249E7763F}"
EndProject
Project("{FAE04EC0-301F-11D3-BF4B-00C04F79EFBC}") = "Tests", "Tests\Tests.csproj", "{2FB73FA2-3EB1-4EE2-8D27-90A821E8F785}"
EndProject
Global
	GlobalSection(SolutionConfigurationPlatforms) = preSolution
		Debug|Any CPU = Debug|Any CPU
		Release|Any CPU = Release|Any CPU
	EndGlobalSection
	GlobalSection(ProjectConfigurationPlatforms) = postSolution
		{9C7E8DBB-5135-4511-8E1E-26C83D58B2F5}.Debug|Any CPU.ActiveCfg = Debug|Any CPU
		{9C7E8DBB-5135-4511-8E1E-26C83D58B2F5}.Debug|Any CPU.Build.0 = Debug|Any CPU
		{9C7E8DBB-5135-4511-8E1E-26C83D58B2F5}.Release|Any CPU.ActiveCfg = Release|Any CPU
		{9C7E8DBB-5135-4511-8E1E-26C83D58B2F5}.Release|Any CPU.Build.0 = Release|Any CPU
		{43D92F85-EDAC-46D9-A6B8-53D9893E14C6}.Debug|Any CPU.ActiveCfg = Debug|Any CPU
		{43D92F85-EDAC-46D9-A6B8-53D9893E14C6}.Debug|Any CPU.Build.0 = Debug|Any CPU
		{43D92F85-EDAC-46D9-A6B8-53D9893E14C6}.Release|Any CPU.ActiveCfg = Release|Any CPU
		{43D92F85-EDAC-46D9-A6B8-53D9893E14C6}.Release|Any CPU.Build.0 = Release|Any CPU
		{DEC48411-7C85-4383-84C5-ED449BE4AC31}.Debug|Any CPU.ActiveCfg = Debug|Any CPU
		{DEC48411-7C85-4383-84C5-ED449BE4AC31}.Debug|Any CPU.Build.0 = Debug|Any CPU
		{DEC48411-7C85-4383-84C5-ED449BE4AC31}.Release|Any CPU.ActiveCfg = Release|Any CPU
		{DEC48411-7C85-4383-84C5-ED449BE4AC31}.Release|Any CPU.Build.0 = Release|Any CPU
		{F1ED5DA9-158E-4BD9-8D2A-A39249E7763F}.Debug|Any CPU.ActiveCfg = Debug|Any CPU
		{F1ED5DA9-158E-4BD9-8D2A-A39249E7763F}.Debug|Any CPU.Build.0 = Debug|Any CPU
		{F1ED5DA9-158E-4BD9-8D2A-A39249E7763F}.Release|Any CPU.ActiveCfg = Release|Any CPU
		{F1ED5DA9-158E-4BD9-8D2A-A39249E7763F}.Release|Any CPU.Build.0 = Release|Any CPU
		{2FB73FA2-3EB1-4EE2-8D27-90A821E8F785}.Debug|Any CPU.ActiveCfg = Debug|Any CPU
		{2FB73FA2-3EB1-4EE2-8D27-90A821E8F785}.Debug|Any CPU.Build.0 = Debug|Any CPU
		{2FB73FA2-3EB1-4EE2-8D27-90A821E8F785}.Release|Any CPU.ActiveCfg = Release|Any CPU
		{2FB73FA2-3EB1-4EE2-8D27-90A821E8F785}.Release|Any CPU.Build.0 = Release|Any CPU
	EndGlobalSection
EndGlobal
